
Microsoft Visual Studio Solution File, Format Version 12.00
# Visual Studio Version 17
VisualStudioVersion = 17.11.35327.3
MinimumVisualStudioVersion = 10.0.40219.1
Project("{9A19103F-16F7-4668-BE54-9A1E7A4F7556}") = "ManagemnentProduct", "ManagementProduct\ManagemnentProduct.csproj", "{D85DD79D-4622-4B0E-B892-030ECD06D4DF}"
EndProject
Global
	GlobalSection(SolutionConfigurationPlatforms) = preSolution
		Debug|Any CPU = Debug|Any CPU
		Release|Any CPU = Release|Any CPU
	EndGlobalSection
	GlobalSection(ProjectConfigurationPlatforms) = postSolution
		{D85DD79D-4622-4B0E-B892-030ECD06D4DF}.Debug|Any CPU.ActiveCfg = Debug|Any CPU
		{D85DD79D-4622-4B0E-B892-030ECD06D4DF}.Debug|Any CPU.Build.0 = Debug|Any CPU
		{D85DD79D-4622-4B0E-B892-030ECD06D4DF}.Release|Any CPU.ActiveCfg = Release|Any CPU
		{D85DD79D-4622-4B0E-B892-030ECD06D4DF}.Release|Any CPU.Build.0 = Release|Any CPU
	EndGlobalSection
	GlobalSection(SolutionProperties) = preSolution
		HideSolutionNode = FALSE
	EndGlobalSection
	GlobalSection(ExtensibilityGlobals) = postSolution
		SolutionGuid = {C5693E11-A252-454E-B9C9-64544618EBAD}
	EndGlobalSection
EndGlobal
