
Microsoft Visual Studio Solution File, Format Version 12.00
# Visual Studio Version 17
VisualStudioVersion = 17.11.35327.3
MinimumVisualStudioVersion = 10.0.40219.1
Project("{FAE04EC0-301F-11D3-BF4B-00C04F79EFBC}") = "ManagemnentProduct", "ManagemnentProduct\ManagemnentProduct.csproj", "{AFB2E185-9025-4F38-B726-F375B02A2C80}"
EndProject
Global
	GlobalSection(SolutionConfigurationPlatforms) = preSolution
		Debug|Any CPU = Debug|Any CPU
		Release|Any CPU = Release|Any CPU
	EndGlobalSection
	GlobalSection(ProjectConfigurationPlatforms) = postSolution
		{AFB2E185-9025-4F38-B726-F375B02A2C80}.Debug|Any CPU.ActiveCfg = Debug|Any CPU
		{AFB2E185-9025-4F38-B726-F375B02A2C80}.Debug|Any CPU.Build.0 = Debug|Any CPU
		{AFB2E185-9025-4F38-B726-F375B02A2C80}.Release|Any CPU.ActiveCfg = Release|Any CPU
		{AFB2E185-9025-4F38-B726-F375B02A2C80}.Release|Any CPU.Build.0 = Release|Any CPU
	EndGlobalSection
	GlobalSection(SolutionProperties) = preSolution
		HideSolutionNode = FALSE
	EndGlobalSection
	GlobalSection(ExtensibilityGlobals) = postSolution
		SolutionGuid = {B240D974-349E-4DF4-9D3E-5B0FBBE638DD}
	EndGlobalSection
EndGlobal
